{
  "nodes": {
    "home-manager": {
      "inputs": {
        "nixpkgs": [
          "nixpkgs"
        ]
      },
      "locked": {
        "lastModified": 1715358385,
        "narHash": "sha256-/IQ5UheQ2Ehm79nqn8KUuxZo5mk768gZ9uV6lHIKP8s=",
        "owner": "nix-community",
        "repo": "home-manager",
        "rev": "e6a315900db775da3bb3138bab8caa70dafdaf9e",
        "type": "github"
      },
      "original": {
        "owner": "nix-community",
        "ref": "master",
        "repo": "home-manager",
        "type": "github"
      }
    },
    "nixpkgs": {
      "locked": {
        "lastModified": 1715358291,
        "narHash": "sha256-ToNnv8IUtIsv1LkQgWIklHz4hO7lD+HiPNuUjNaog58=",
        "owner": "NixOS",
        "repo": "nixpkgs",
        "rev": "6c8398505cfbbc3c08ef37ff3d399c0d44b89588",
        "type": "github"
      },
      "original": {
        "id": "nixpkgs",
        "ref": "master",
        "type": "indirect"
      }
    },
    "root": {
      "inputs": {
        "home-manager": "home-manager",
        "nixpkgs": "nixpkgs"
      }
    }
  },
  "root": "root",
  "version": 7
}
