{
  "nodes": {
    "home-manager": {
      "inputs": {
        "nixpkgs": [
          "nixpkgs"
        ]
      },
      "locked": {
        "lastModified": 1715358385,
        "narHash": "sha256-/IQ5UheQ2Ehm79nqn8KUuxZo5mk768gZ9uV6lHIKP8s=",
        "owner": "nix-community",
        "repo": "home-manager",
        "rev": "e6a315900db775da3bb3138bab8caa70dafdaf9e",
        "type": "github"
      },
      "original": {
        "owner": "nix-community",
        "ref": "master",
        "repo": "home-manager",
        "type": "github"
      }
    },
    "nixpkgs": {
      "locked": {
        "lastModified": 1715220225,
        "narHash": "sha256-X0xvboLSjfC5s/M1yuPdSdc6yzKV8536hTTWCSKF5Xc=",
        "owner": "NixOS",
        "repo": "nixpkgs",
        "rev": "ac34158a823c7596e0106c806d0b7df47885fa73",
        "type": "github"
      },
      "original": {
        "id": "nixpkgs",
        "rev": "ac34158a823c7596e0106c806d0b7df47885fa73",
        "type": "indirect"
      }
    },
    "root": {
      "inputs": {
        "home-manager": "home-manager",
        "nixpkgs": "nixpkgs"
      }
    }
  },
  "root": "root",
  "version": 7
}
